
Microsoft Visual Studio Solution File, Format Version 12.00
# Visual Studio Version 16
VisualStudioVersion = 16.0.29920.165
MinimumVisualStudioVersion = 10.0.40219.1
Project("{FAE04EC0-301F-11D3-BF4B-00C04F79EFBC}") = "Shop", "Shop\Shop.csproj", "{9C074D30-9603-4F21-8331-2F77137C2889}"
EndProject
Global
	GlobalSection(SolutionConfigurationPlatforms) = preSolution
		Debug|Any CPU = Debug|Any CPU
		Release|Any CPU = Release|Any CPU
	EndGlobalSection
	GlobalSection(ProjectConfigurationPlatforms) = postSolution
		{9C074D30-9603-4F21-8331-2F77137C2889}.Debug|Any CPU.ActiveCfg = Debug|Any CPU
		{9C074D30-9603-4F21-8331-2F77137C2889}.Debug|Any CPU.Build.0 = Debug|Any CPU
		{9C074D30-9603-4F21-8331-2F77137C2889}.Release|Any CPU.ActiveCfg = Release|Any CPU
		{9C074D30-9603-4F21-8331-2F77137C2889}.Release|Any CPU.Build.0 = Release|Any CPU
	EndGlobalSection
	GlobalSection(SolutionProperties) = preSolution
		HideSolutionNode = FALSE
	EndGlobalSection
	GlobalSection(ExtensibilityGlobals) = postSolution
		SolutionGuid = {F6E0770E-0D08-4F4C-AEB4-629D21E6B63A}
	EndGlobalSection
EndGlobal
